
Microsoft Visual Studio Solution File, Format Version 12.00
Project("{FAE04EC0-301F-11D3-BF4B-00C04F79EFBC}") = "OPSSHAssistant", "OPSSHAssistant\OPSSHAssistant.csproj", "{2740D308-430A-4C1A-9C62-ED8E5DA988F6}"
EndProject
Global
	GlobalSection(SolutionConfigurationPlatforms) = preSolution
		Debug|Any CPU = Debug|Any CPU
		Release|Any CPU = Release|Any CPU
	EndGlobalSection
	GlobalSection(ProjectConfigurationPlatforms) = postSolution
		{2740D308-430A-4C1A-9C62-ED8E5DA988F6}.Debug|Any CPU.ActiveCfg = Debug|Any CPU
		{2740D308-430A-4C1A-9C62-ED8E5DA988F6}.Debug|Any CPU.Build.0 = Debug|Any CPU
		{2740D308-430A-4C1A-9C62-ED8E5DA988F6}.Release|Any CPU.ActiveCfg = Release|Any CPU
		{2740D308-430A-4C1A-9C62-ED8E5DA988F6}.Release|Any CPU.Build.0 = Release|Any CPU
	EndGlobalSection
EndGlobal
